
Microsoft Visual Studio Solution File, Format Version 12.00
# Visual Studio 15
VisualStudioVersion = 15.0.28307.902
MinimumVisualStudioVersion = 10.0.40219.1
Project("{8BC9CEB8-8B4A-11D0-8D11-00A0C91BC942}") = "SmartPointersTransactions", "SmartPointersTransactions\SmartPointersTransactions.vcxproj", "{010369EF-943D-49A0-8472-1778D2EB08F0}"
EndProject
Global
	GlobalSection(SolutionConfigurationPlatforms) = preSolution
		Debug|x64 = Debug|x64
		Debug|x86 = Debug|x86
		Release|x64 = Release|x64
		Release|x86 = Release|x86
	EndGlobalSection
	GlobalSection(ProjectConfigurationPlatforms) = postSolution
		{010369EF-943D-49A0-8472-1778D2EB08F0}.Debug|x64.ActiveCfg = Debug|x64
		{010369EF-943D-49A0-8472-1778D2EB08F0}.Debug|x64.Build.0 = Debug|x64
		{010369EF-943D-49A0-8472-1778D2EB08F0}.Debug|x86.ActiveCfg = Debug|Win32
		{010369EF-943D-49A0-8472-1778D2EB08F0}.Debug|x86.Build.0 = Debug|Win32
		{010369EF-943D-49A0-8472-1778D2EB08F0}.Release|x64.ActiveCfg = Release|x64
		{010369EF-943D-49A0-8472-1778D2EB08F0}.Release|x64.Build.0 = Release|x64
		{010369EF-943D-49A0-8472-1778D2EB08F0}.Release|x86.ActiveCfg = Release|Win32
		{010369EF-943D-49A0-8472-1778D2EB08F0}.Release|x86.Build.0 = Release|Win32
	EndGlobalSection
	GlobalSection(SolutionProperties) = preSolution
		HideSolutionNode = FALSE
	EndGlobalSection
	GlobalSection(ExtensibilityGlobals) = postSolution
		SolutionGuid = {F2A2DEC9-816C-4B48-9C94-2B6A70E49DD2}
	EndGlobalSection
EndGlobal
